{
    "name": "pm2-prom-module-client",
    "version": "1.0.0",
    "lockfileVersion": 3,
    "requires": true,
    "packages": {
        "": {
            "name": "pm2-prom-module-client",
            "version": "1.0.0",
            "license": "ISC",
            "dependencies": {
                "prom-client": "^15.1.0"
            },
            "devDependencies": {
                "@types/node": "^20.10.7",
                "typescript": "^5.3.3"
            },
            "engines": {
                "node": ">=14"
            }
        },
        "node_modules/@opentelemetry/api": {
            "version": "1.7.0",
            "resolved": "https://registry.npmjs.org/@opentelemetry/api/-/api-1.7.0.tgz",
            "integrity": "sha512-AdY5wvN0P2vXBi3b29hxZgSFvdhdxPB9+f0B6s//P9Q8nibRWeA3cHm8UmLpio9ABigkVHJ5NMPk+Mz8VCCyrw==",
            "engines": {
                "node": ">=8.0.0"
            }
        },
        "node_modules/@types/node": {
            "version": "20.10.7",
            "resolved": "https://registry.npmjs.org/@types/node/-/node-20.10.7.tgz",
            "integrity": "sha512-fRbIKb8C/Y2lXxB5eVMj4IU7xpdox0Lh8bUPEdtLysaylsml1hOOx1+STloRs/B9nf7C6kPRmmg/V7aQW7usNg==",
            "dev": true,
            "dependencies": {
                "undici-types": "~5.26.4"
            }
        },
        "node_modules/bintrees": {
            "version": "1.0.2",
            "resolved": "https://registry.npmjs.org/bintrees/-/bintrees-1.0.2.tgz",
            "integrity": "sha512-VOMgTMwjAaUG580SXn3LacVgjurrbMme7ZZNYGSSV7mmtY6QQRh0Eg3pwIcntQ77DErK1L0NxkbetjcoXzVwKw=="
        },
        "node_modules/prom-client": {
            "version": "15.1.0",
            "resolved": "https://registry.npmjs.org/prom-client/-/prom-client-15.1.0.tgz",
            "integrity": "sha512-cCD7jLTqyPdjEPBo/Xk4Iu8jxjuZgZJ3e/oET3L+ZwOuap/7Cw3dH/TJSsZKs1TQLZ2IHpIlRAKw82ef06kmMw==",
            "dependencies": {
                "@opentelemetry/api": "^1.4.0",
                "tdigest": "^0.1.1"
            },
            "engines": {
                "node": "^16 || ^18 || >=20"
            }
        },
        "node_modules/tdigest": {
            "version": "0.1.2",
            "resolved": "https://registry.npmjs.org/tdigest/-/tdigest-0.1.2.tgz",
            "integrity": "sha512-+G0LLgjjo9BZX2MfdvPfH+MKLCrxlXSYec5DaPYP1fe6Iyhf0/fSmJ0bFiZ1F8BT6cGXl2LpltQptzjXKWEkKA==",
            "dependencies": {
                "bintrees": "1.0.2"
            }
        },
        "node_modules/typescript": {
            "version": "5.3.3",
            "resolved": "https://registry.npmjs.org/typescript/-/typescript-5.3.3.tgz",
            "integrity": "sha512-pXWcraxM0uxAS+tN0AG/BF2TyqmHO014Z070UsJ+pFvYuRSq8KH8DmWpnbXe0pEPDHXZV3FcAbJkijJ5oNEnWw==",
            "dev": true,
            "bin": {
                "tsc": "bin/tsc",
                "tsserver": "bin/tsserver"
            },
            "engines": {
                "node": ">=14.17"
            }
        },
        "node_modules/undici-types": {
            "version": "5.26.5",
            "resolved": "https://registry.npmjs.org/undici-types/-/undici-types-5.26.5.tgz",
            "integrity": "sha512-JlCMO+ehdEIKqlFxk6IfVoAUVmgz7cU7zD/h9XZ0qzeosSHmUJVOzSQvvYSYWXkFXC+IfLKSIffhv0sVZup6pA==",
            "dev": true
        }
    }
}
